
Microsoft Visual Studio Solution File, Format Version 12.00
# Visual Studio Version 17
VisualStudioVersion = 17.9.34607.119
MinimumVisualStudioVersion = 10.0.40219.1
Project("{9A19103F-16F7-4668-BE54-9A1E7A4F7556}") = "HealthChecks", "HealthChecks\HealthChecks.csproj", "{8A5A0FA6-4A4B-4C2D-9DA6-6D2E41D81BD4}"
EndProject
Project("{9A19103F-16F7-4668-BE54-9A1E7A4F7556}") = "RateLimiting", "RateLimiting\RateLimiting.csproj", "{E43B30A8-FC85-4C89-B45A-17830F982B2A}"
EndProject
Project("{9A19103F-16F7-4668-BE54-9A1E7A4F7556}") = "PDFGeneration", "PDFGeneration\PDFGeneration.csproj", "{60B6F69E-E9AF-4700-84F8-51649FB0219D}"
EndProject
Project("{9A19103F-16F7-4668-BE54-9A1E7A4F7556}") = "SimpleAPI", "SimpleAPI\SimpleAPI.csproj", "{0F521CAB-9256-4712-B102-0FBDD8975345}"
EndProject
Project("{9A19103F-16F7-4668-BE54-9A1E7A4F7556}") = "Logging", "Logging\Logging.csproj", "{5150D40D-445E-416D-BD8A-1E1CD9D7289D}"
EndProject
Project("{9A19103F-16F7-4668-BE54-9A1E7A4F7556}") = "SimpleEmail", "SimpleEmail\SimpleEmail.csproj", "{7558B54C-9677-4DBD-BB93-7B8597A8018A}"
EndProject
Project("{9A19103F-16F7-4668-BE54-9A1E7A4F7556}") = "ExcelFilesReadAndWrite", "ExcelFilesReadAndWrite\ExcelFilesReadAndWrite.csproj", "{2397E359-AF7F-4BBB-B304-2C3E1599C5CE}"
EndProject
Project("{9A19103F-16F7-4668-BE54-9A1E7A4F7556}") = "UnitTestingAndIntegrationTesting", "UnitTestingAndIntegrationTesting\UnitTestingAndIntegrationTesting.csproj", "{D6E4C4C6-0DE4-4928-9E7F-072B74616018}"
EndProject
Project("{9A19103F-16F7-4668-BE54-9A1E7A4F7556}") = "Cookies", "Cookies\Cookies.csproj", "{FD1AA033-9CB9-4BEA-A451-00F5F02D8FCF}"
EndProject
Project("{9A19103F-16F7-4668-BE54-9A1E7A4F7556}") = "DatabaseConnectionStringTester", "DatabaseConnectionStringTester\DatabaseConnectionStringTester.csproj", "{E660C819-9745-4005-8527-7AAC79706C86}"
EndProject
Project("{9A19103F-16F7-4668-BE54-9A1E7A4F7556}") = "ApplicationSettings", "ApplicationSettings\ApplicationSettings.csproj", "{F14122B5-6FA4-4232-9696-517DA013274F}"
EndProject
Project("{9A19103F-16F7-4668-BE54-9A1E7A4F7556}") = "DependencyInjection", "DependencyInjection\DependencyInjection.csproj", "{4565DF47-220F-4ADC-BD5B-76C4A4C9739B}"
EndProject
Project("{9A19103F-16F7-4668-BE54-9A1E7A4F7556}") = "ContainerizedApplication", "ContainerizedApplication\ContainerizedApplication.csproj", "{5B349F2C-9C55-4708-80E8-D9EB41361242}"
EndProject
Project("{9A19103F-16F7-4668-BE54-9A1E7A4F7556}") = "Collections", "Collections\Collections.csproj", "{7D04E2C1-3C16-471F-B884-95ACE3A5534F}"
EndProject
Project("{9A19103F-16F7-4668-BE54-9A1E7A4F7556}") = "SwaggerOpenAPIMock", "SwaggerOpenAPIMock\SwaggerOpenAPIMock.csproj", "{B0351E3D-F23C-4AC6-9436-506F9084936E}"
EndProject
Project("{9A19103F-16F7-4668-BE54-9A1E7A4F7556}") = "JsonWebTokens", "JsonWebTokens\JsonWebTokens.csproj", "{4129FDB5-D6DD-413B-8EEB-84F1CDEC17B4}"
EndProject
Project("{FAE04EC0-301F-11D3-BF4B-00C04F79EFBC}") = "HttpStatusCodeSimulator", "HttpStatusCodeSimulator\HttpStatusCodeSimulator.csproj", "{8A26776F-CCC1-4E15-8F8E-2997BD1F1D70}"
EndProject
Global
	GlobalSection(SolutionConfigurationPlatforms) = preSolution
		Debug|Any CPU = Debug|Any CPU
		Release|Any CPU = Release|Any CPU
	EndGlobalSection
	GlobalSection(ProjectConfigurationPlatforms) = postSolution
		{8A5A0FA6-4A4B-4C2D-9DA6-6D2E41D81BD4}.Debug|Any CPU.ActiveCfg = Debug|Any CPU
		{8A5A0FA6-4A4B-4C2D-9DA6-6D2E41D81BD4}.Debug|Any CPU.Build.0 = Debug|Any CPU
		{8A5A0FA6-4A4B-4C2D-9DA6-6D2E41D81BD4}.Release|Any CPU.ActiveCfg = Release|Any CPU
		{8A5A0FA6-4A4B-4C2D-9DA6-6D2E41D81BD4}.Release|Any CPU.Build.0 = Release|Any CPU
		{E43B30A8-FC85-4C89-B45A-17830F982B2A}.Debug|Any CPU.ActiveCfg = Debug|Any CPU
		{E43B30A8-FC85-4C89-B45A-17830F982B2A}.Debug|Any CPU.Build.0 = Debug|Any CPU
		{E43B30A8-FC85-4C89-B45A-17830F982B2A}.Release|Any CPU.ActiveCfg = Release|Any CPU
		{E43B30A8-FC85-4C89-B45A-17830F982B2A}.Release|Any CPU.Build.0 = Release|Any CPU
		{60B6F69E-E9AF-4700-84F8-51649FB0219D}.Debug|Any CPU.ActiveCfg = Debug|Any CPU
		{60B6F69E-E9AF-4700-84F8-51649FB0219D}.Debug|Any CPU.Build.0 = Debug|Any CPU
		{60B6F69E-E9AF-4700-84F8-51649FB0219D}.Release|Any CPU.ActiveCfg = Release|Any CPU
		{60B6F69E-E9AF-4700-84F8-51649FB0219D}.Release|Any CPU.Build.0 = Release|Any CPU
		{0F521CAB-9256-4712-B102-0FBDD8975345}.Debug|Any CPU.ActiveCfg = Debug|Any CPU
		{0F521CAB-9256-4712-B102-0FBDD8975345}.Debug|Any CPU.Build.0 = Debug|Any CPU
		{0F521CAB-9256-4712-B102-0FBDD8975345}.Release|Any CPU.ActiveCfg = Release|Any CPU
		{0F521CAB-9256-4712-B102-0FBDD8975345}.Release|Any CPU.Build.0 = Release|Any CPU
		{5150D40D-445E-416D-BD8A-1E1CD9D7289D}.Debug|Any CPU.ActiveCfg = Debug|Any CPU
		{5150D40D-445E-416D-BD8A-1E1CD9D7289D}.Debug|Any CPU.Build.0 = Debug|Any CPU
		{5150D40D-445E-416D-BD8A-1E1CD9D7289D}.Release|Any CPU.ActiveCfg = Release|Any CPU
		{5150D40D-445E-416D-BD8A-1E1CD9D7289D}.Release|Any CPU.Build.0 = Release|Any CPU
		{7558B54C-9677-4DBD-BB93-7B8597A8018A}.Debug|Any CPU.ActiveCfg = Debug|Any CPU
		{7558B54C-9677-4DBD-BB93-7B8597A8018A}.Debug|Any CPU.Build.0 = Debug|Any CPU
		{7558B54C-9677-4DBD-BB93-7B8597A8018A}.Release|Any CPU.ActiveCfg = Release|Any CPU
		{7558B54C-9677-4DBD-BB93-7B8597A8018A}.Release|Any CPU.Build.0 = Release|Any CPU
		{2397E359-AF7F-4BBB-B304-2C3E1599C5CE}.Debug|Any CPU.ActiveCfg = Debug|Any CPU
		{2397E359-AF7F-4BBB-B304-2C3E1599C5CE}.Debug|Any CPU.Build.0 = Debug|Any CPU
		{2397E359-AF7F-4BBB-B304-2C3E1599C5CE}.Release|Any CPU.ActiveCfg = Release|Any CPU
		{2397E359-AF7F-4BBB-B304-2C3E1599C5CE}.Release|Any CPU.Build.0 = Release|Any CPU
		{D6E4C4C6-0DE4-4928-9E7F-072B74616018}.Debug|Any CPU.ActiveCfg = Debug|Any CPU
		{D6E4C4C6-0DE4-4928-9E7F-072B74616018}.Debug|Any CPU.Build.0 = Debug|Any CPU
		{D6E4C4C6-0DE4-4928-9E7F-072B74616018}.Release|Any CPU.ActiveCfg = Release|Any CPU
		{D6E4C4C6-0DE4-4928-9E7F-072B74616018}.Release|Any CPU.Build.0 = Release|Any CPU
		{FD1AA033-9CB9-4BEA-A451-00F5F02D8FCF}.Debug|Any CPU.ActiveCfg = Debug|Any CPU
		{FD1AA033-9CB9-4BEA-A451-00F5F02D8FCF}.Debug|Any CPU.Build.0 = Debug|Any CPU
		{FD1AA033-9CB9-4BEA-A451-00F5F02D8FCF}.Release|Any CPU.ActiveCfg = Release|Any CPU
		{FD1AA033-9CB9-4BEA-A451-00F5F02D8FCF}.Release|Any CPU.Build.0 = Release|Any CPU
		{E660C819-9745-4005-8527-7AAC79706C86}.Debug|Any CPU.ActiveCfg = Debug|Any CPU
		{E660C819-9745-4005-8527-7AAC79706C86}.Debug|Any CPU.Build.0 = Debug|Any CPU
		{E660C819-9745-4005-8527-7AAC79706C86}.Release|Any CPU.ActiveCfg = Release|Any CPU
		{E660C819-9745-4005-8527-7AAC79706C86}.Release|Any CPU.Build.0 = Release|Any CPU
		{F14122B5-6FA4-4232-9696-517DA013274F}.Debug|Any CPU.ActiveCfg = Debug|Any CPU
		{F14122B5-6FA4-4232-9696-517DA013274F}.Debug|Any CPU.Build.0 = Debug|Any CPU
		{F14122B5-6FA4-4232-9696-517DA013274F}.Release|Any CPU.ActiveCfg = Release|Any CPU
		{F14122B5-6FA4-4232-9696-517DA013274F}.Release|Any CPU.Build.0 = Release|Any CPU
		{4565DF47-220F-4ADC-BD5B-76C4A4C9739B}.Debug|Any CPU.ActiveCfg = Debug|Any CPU
		{4565DF47-220F-4ADC-BD5B-76C4A4C9739B}.Debug|Any CPU.Build.0 = Debug|Any CPU
		{4565DF47-220F-4ADC-BD5B-76C4A4C9739B}.Release|Any CPU.ActiveCfg = Release|Any CPU
		{4565DF47-220F-4ADC-BD5B-76C4A4C9739B}.Release|Any CPU.Build.0 = Release|Any CPU
		{5B349F2C-9C55-4708-80E8-D9EB41361242}.Debug|Any CPU.ActiveCfg = Debug|Any CPU
		{5B349F2C-9C55-4708-80E8-D9EB41361242}.Debug|Any CPU.Build.0 = Debug|Any CPU
		{5B349F2C-9C55-4708-80E8-D9EB41361242}.Release|Any CPU.ActiveCfg = Release|Any CPU
		{5B349F2C-9C55-4708-80E8-D9EB41361242}.Release|Any CPU.Build.0 = Release|Any CPU
		{7D04E2C1-3C16-471F-B884-95ACE3A5534F}.Debug|Any CPU.ActiveCfg = Debug|Any CPU
		{7D04E2C1-3C16-471F-B884-95ACE3A5534F}.Debug|Any CPU.Build.0 = Debug|Any CPU
		{7D04E2C1-3C16-471F-B884-95ACE3A5534F}.Release|Any CPU.ActiveCfg = Release|Any CPU
		{7D04E2C1-3C16-471F-B884-95ACE3A5534F}.Release|Any CPU.Build.0 = Release|Any CPU
		{B0351E3D-F23C-4AC6-9436-506F9084936E}.Debug|Any CPU.ActiveCfg = Debug|Any CPU
		{B0351E3D-F23C-4AC6-9436-506F9084936E}.Debug|Any CPU.Build.0 = Debug|Any CPU
		{B0351E3D-F23C-4AC6-9436-506F9084936E}.Release|Any CPU.ActiveCfg = Release|Any CPU
		{B0351E3D-F23C-4AC6-9436-506F9084936E}.Release|Any CPU.Build.0 = Release|Any CPU
		{4129FDB5-D6DD-413B-8EEB-84F1CDEC17B4}.Debug|Any CPU.ActiveCfg = Debug|Any CPU
		{4129FDB5-D6DD-413B-8EEB-84F1CDEC17B4}.Debug|Any CPU.Build.0 = Debug|Any CPU
		{4129FDB5-D6DD-413B-8EEB-84F1CDEC17B4}.Release|Any CPU.ActiveCfg = Release|Any CPU
		{4129FDB5-D6DD-413B-8EEB-84F1CDEC17B4}.Release|Any CPU.Build.0 = Release|Any CPU
		{8A26776F-CCC1-4E15-8F8E-2997BD1F1D70}.Debug|Any CPU.ActiveCfg = Debug|Any CPU
		{8A26776F-CCC1-4E15-8F8E-2997BD1F1D70}.Debug|Any CPU.Build.0 = Debug|Any CPU
		{8A26776F-CCC1-4E15-8F8E-2997BD1F1D70}.Release|Any CPU.ActiveCfg = Release|Any CPU
		{8A26776F-CCC1-4E15-8F8E-2997BD1F1D70}.Release|Any CPU.Build.0 = Release|Any CPU
	EndGlobalSection
	GlobalSection(SolutionProperties) = preSolution
		HideSolutionNode = FALSE
	EndGlobalSection
	GlobalSection(ExtensibilityGlobals) = postSolution
		SolutionGuid = {2C32FA94-6F83-4D97-B52A-E9DD0FD472D7}
	EndGlobalSection
EndGlobal
